
Microsoft Visual Studio Solution File, Format Version 11.00
# Visual Studio 2010
Project("{FAE04EC0-301F-11D3-BF4B-00C04F79EFBC}") = "UnityEngine.UI", "UnityEngine.UI.csproj", "{3b1205af-f83a-88e7-f677-418fe40e2431}"
EndProject
Project("{FAE04EC0-301F-11D3-BF4B-00C04F79EFBC}") = "Assembly-CSharp", "Assembly-CSharp.csproj", "{321ec1e2-e2bb-9729-82bf-0a8175981040}"
EndProject
Project("{FAE04EC0-301F-11D3-BF4B-00C04F79EFBC}") = "UnityEditor.UI", "UnityEditor.UI.csproj", "{bd95a9e1-cb20-e76c-9544-feff6d7aaf6c}"
EndProject
Project("{FAE04EC0-301F-11D3-BF4B-00C04F79EFBC}") = "Unity.2D.Sprite.Editor", "Unity.2D.Sprite.Editor.csproj", "{0e95c840-68a5-29b4-2b45-9a5cd2127cf8}"
EndProject
Global
	GlobalSection(SolutionConfigurationPlatforms) = preSolution
		Debug|Any CPU = Debug|Any CPU
	EndGlobalSection
	GlobalSection(ProjectConfigurationPlatforms) = postSolution
		{3b1205af-f83a-88e7-f677-418fe40e2431}.Debug|Any CPU.ActiveCfg = Debug|Any CPU
		{3b1205af-f83a-88e7-f677-418fe40e2431}.Debug|Any CPU.Build.0 = Debug|Any CPU
		{321ec1e2-e2bb-9729-82bf-0a8175981040}.Debug|Any CPU.ActiveCfg = Debug|Any CPU
		{321ec1e2-e2bb-9729-82bf-0a8175981040}.Debug|Any CPU.Build.0 = Debug|Any CPU
		{bd95a9e1-cb20-e76c-9544-feff6d7aaf6c}.Debug|Any CPU.ActiveCfg = Debug|Any CPU
		{bd95a9e1-cb20-e76c-9544-feff6d7aaf6c}.Debug|Any CPU.Build.0 = Debug|Any CPU
		{0e95c840-68a5-29b4-2b45-9a5cd2127cf8}.Debug|Any CPU.ActiveCfg = Debug|Any CPU
		{0e95c840-68a5-29b4-2b45-9a5cd2127cf8}.Debug|Any CPU.Build.0 = Debug|Any CPU
	EndGlobalSection
	GlobalSection(SolutionProperties) = preSolution
		HideSolutionNode = FALSE
	EndGlobalSection
EndGlobal
